
Microsoft Visual Studio Solution File, Format Version 12.00
Project("{FAE04EC0-301F-11D3-BF4B-00C04F79EFBC}") = "To Do list", "To Do list\To Do list.csproj", "{FD620ECD-1798-42A4-87C2-D7DA2FBC95BE}"
EndProject
Global
	GlobalSection(SolutionConfigurationPlatforms) = preSolution
		Debug|Any CPU = Debug|Any CPU
		Release|Any CPU = Release|Any CPU
	EndGlobalSection
	GlobalSection(ProjectConfigurationPlatforms) = postSolution
		{FD620ECD-1798-42A4-87C2-D7DA2FBC95BE}.Debug|Any CPU.ActiveCfg = Debug|Any CPU
		{FD620ECD-1798-42A4-87C2-D7DA2FBC95BE}.Debug|Any CPU.Build.0 = Debug|Any CPU
		{FD620ECD-1798-42A4-87C2-D7DA2FBC95BE}.Release|Any CPU.ActiveCfg = Release|Any CPU
		{FD620ECD-1798-42A4-87C2-D7DA2FBC95BE}.Release|Any CPU.Build.0 = Release|Any CPU
	EndGlobalSection
EndGlobal
